
Microsoft Visual Studio Solution File, Format Version 12.00
# Visual Studio Version 16
VisualStudioVersion = 16.0.30225.117
MinimumVisualStudioVersion = 10.0.40219.1
Project("{FAE04EC0-301F-11D3-BF4B-00C04F79EFBC}") = "StudentMangement.Dal", "StudentMangement.Dal\StudentMangement.Dal.csproj", "{703779F0-4248-4597-BED9-2284038AB20D}"
EndProject
Global
	GlobalSection(SolutionConfigurationPlatforms) = preSolution
		Debug|Any CPU = Debug|Any CPU
		Release|Any CPU = Release|Any CPU
	EndGlobalSection
	GlobalSection(ProjectConfigurationPlatforms) = postSolution
		{703779F0-4248-4597-BED9-2284038AB20D}.Debug|Any CPU.ActiveCfg = Debug|Any CPU
		{703779F0-4248-4597-BED9-2284038AB20D}.Debug|Any CPU.Build.0 = Debug|Any CPU
		{703779F0-4248-4597-BED9-2284038AB20D}.Release|Any CPU.ActiveCfg = Release|Any CPU
		{703779F0-4248-4597-BED9-2284038AB20D}.Release|Any CPU.Build.0 = Release|Any CPU
	EndGlobalSection
	GlobalSection(SolutionProperties) = preSolution
		HideSolutionNode = FALSE
	EndGlobalSection
	GlobalSection(ExtensibilityGlobals) = postSolution
		SolutionGuid = {EAFE8CE7-0737-4D9B-ABCA-B62B4DFD2996}
	EndGlobalSection
EndGlobal
